
Microsoft Visual Studio Solution File, Format Version 12.00
# Visual Studio Version 17
VisualStudioVersion = 17.11.35312.102
MinimumVisualStudioVersion = 10.0.40219.1
Project("{FAE04EC0-301F-11D3-BF4B-00C04F79EFBC}") = "Yape.RestApi", "Yape.RestApi.csproj", "{ECD86192-0274-459E-A67E-0B2022BCE52F}"
EndProject
Project("{FAE04EC0-301F-11D3-BF4B-00C04F79EFBC}") = "Yape.Application", "..\Yape.Application\Yape.Application.csproj", "{7905B1A5-F1AF-4547-B262-56D65CA4747A}"
EndProject
Project("{FAE04EC0-301F-11D3-BF4B-00C04F79EFBC}") = "Yape.Domain", "..\Yape.Domain\Yape.Domain.csproj", "{8D922CA0-C89D-450F-BA6E-D5D8D676C473}"
EndProject
Project("{FAE04EC0-301F-11D3-BF4B-00C04F79EFBC}") = "Yape.Infrastructure", "..\Yape.Infrastructure\Yape.Infrastructure.csproj", "{E83790FA-F6F2-42E4-9D3F-59C89D65D0B6}"
EndProject
Project("{FAE04EC0-301F-11D3-BF4B-00C04F79EFBC}") = "Yape.Contracts", "..\Yape.Contracts\Yape.Contracts.csproj", "{9FF14586-835F-4786-924B-E92810AC64E2}"
EndProject
Global
	GlobalSection(SolutionConfigurationPlatforms) = preSolution
		Debug|Any CPU = Debug|Any CPU
		Release|Any CPU = Release|Any CPU
	EndGlobalSection
	GlobalSection(ProjectConfigurationPlatforms) = postSolution
		{ECD86192-0274-459E-A67E-0B2022BCE52F}.Debug|Any CPU.ActiveCfg = Debug|Any CPU
		{ECD86192-0274-459E-A67E-0B2022BCE52F}.Debug|Any CPU.Build.0 = Debug|Any CPU
		{ECD86192-0274-459E-A67E-0B2022BCE52F}.Release|Any CPU.ActiveCfg = Release|Any CPU
		{ECD86192-0274-459E-A67E-0B2022BCE52F}.Release|Any CPU.Build.0 = Release|Any CPU
		{7905B1A5-F1AF-4547-B262-56D65CA4747A}.Debug|Any CPU.ActiveCfg = Debug|Any CPU
		{7905B1A5-F1AF-4547-B262-56D65CA4747A}.Debug|Any CPU.Build.0 = Debug|Any CPU
		{7905B1A5-F1AF-4547-B262-56D65CA4747A}.Release|Any CPU.ActiveCfg = Release|Any CPU
		{7905B1A5-F1AF-4547-B262-56D65CA4747A}.Release|Any CPU.Build.0 = Release|Any CPU
		{8D922CA0-C89D-450F-BA6E-D5D8D676C473}.Debug|Any CPU.ActiveCfg = Debug|Any CPU
		{8D922CA0-C89D-450F-BA6E-D5D8D676C473}.Debug|Any CPU.Build.0 = Debug|Any CPU
		{8D922CA0-C89D-450F-BA6E-D5D8D676C473}.Release|Any CPU.ActiveCfg = Release|Any CPU
		{8D922CA0-C89D-450F-BA6E-D5D8D676C473}.Release|Any CPU.Build.0 = Release|Any CPU
		{E83790FA-F6F2-42E4-9D3F-59C89D65D0B6}.Debug|Any CPU.ActiveCfg = Debug|Any CPU
		{E83790FA-F6F2-42E4-9D3F-59C89D65D0B6}.Debug|Any CPU.Build.0 = Debug|Any CPU
		{E83790FA-F6F2-42E4-9D3F-59C89D65D0B6}.Release|Any CPU.ActiveCfg = Release|Any CPU
		{E83790FA-F6F2-42E4-9D3F-59C89D65D0B6}.Release|Any CPU.Build.0 = Release|Any CPU
		{9FF14586-835F-4786-924B-E92810AC64E2}.Debug|Any CPU.ActiveCfg = Debug|Any CPU
		{9FF14586-835F-4786-924B-E92810AC64E2}.Debug|Any CPU.Build.0 = Debug|Any CPU
		{9FF14586-835F-4786-924B-E92810AC64E2}.Release|Any CPU.ActiveCfg = Release|Any CPU
		{9FF14586-835F-4786-924B-E92810AC64E2}.Release|Any CPU.Build.0 = Release|Any CPU
	EndGlobalSection
	GlobalSection(SolutionProperties) = preSolution
		HideSolutionNode = FALSE
	EndGlobalSection
	GlobalSection(ExtensibilityGlobals) = postSolution
		SolutionGuid = {C7773A6C-B8FF-405D-9468-81EE565D7983}
	EndGlobalSection
EndGlobal
